
Microsoft Visual Studio Solution File, Format Version 12.00
# Visual Studio 15
VisualStudioVersion = 15.0.27703.2026
MinimumVisualStudioVersion = 10.0.40219.1
Project("{E24C65DC-7377-472B-9ABA-BC803B73C61A}") = "PracticaASP", "PracticaASP\", "{FA4B9499-B8E1-4D76-AB14-C4EDAB7A3735}"
	ProjectSection(WebsiteProperties) = preProject
		TargetFrameworkMoniker = ".NETFramework,Version%3Dv4.6.1"
		Debug.AspNetCompiler.VirtualPath = "/localhost_61276"
		Debug.AspNetCompiler.PhysicalPath = "PracticaASP\"
		Debug.AspNetCompiler.TargetPath = "PrecompiledWeb\localhost_61276\"
		Debug.AspNetCompiler.Updateable = "true"
		Debug.AspNetCompiler.ForceOverwrite = "true"
		Debug.AspNetCompiler.FixedNames = "false"
		Debug.AspNetCompiler.Debug = "True"
		Release.AspNetCompiler.VirtualPath = "/localhost_61276"
		Release.AspNetCompiler.PhysicalPath = "PracticaASP\"
		Release.AspNetCompiler.TargetPath = "PrecompiledWeb\localhost_61276\"
		Release.AspNetCompiler.Updateable = "true"
		Release.AspNetCompiler.ForceOverwrite = "true"
		Release.AspNetCompiler.FixedNames = "false"
		Release.AspNetCompiler.Debug = "False"
		VWDPort = "61276"
		SlnRelativePath = "PracticaASP\"
		DefaultWebSiteLanguage = "Visual C#"
	EndProjectSection
EndProject
Global
	GlobalSection(SolutionConfigurationPlatforms) = preSolution
		Debug|Any CPU = Debug|Any CPU
	EndGlobalSection
	GlobalSection(ProjectConfigurationPlatforms) = postSolution
		{FA4B9499-B8E1-4D76-AB14-C4EDAB7A3735}.Debug|Any CPU.ActiveCfg = Debug|Any CPU
		{FA4B9499-B8E1-4D76-AB14-C4EDAB7A3735}.Debug|Any CPU.Build.0 = Debug|Any CPU
	EndGlobalSection
	GlobalSection(SolutionProperties) = preSolution
		HideSolutionNode = FALSE
	EndGlobalSection
	GlobalSection(ExtensibilityGlobals) = postSolution
		SolutionGuid = {E3319847-6D0C-4158-9FAB-BED9A628ECA7}
	EndGlobalSection
EndGlobal
